
Microsoft Visual Studio Solution File, Format Version 12.00
# Visual Studio Version 16
VisualStudioVersion = 16.0.29609.76
MinimumVisualStudioVersion = 10.0.40219.1
Project("{FAE04EC0-301F-11D3-BF4B-00C04F79EFBC}") = "WPFApplication", "WPFApplication.csproj", "{A157EA46-6554-4006-9C31-C684AE1947E7}"
EndProject
Project("{FAE04EC0-301F-11D3-BF4B-00C04F79EFBC}") = "WPFApplicationCommon", "..\WPFApplicationCommon\WPFApplicationCommon.csproj", "{61DBA521-B655-4767-98FD-222CCA1CE092}"
EndProject
Global
	GlobalSection(SolutionConfigurationPlatforms) = preSolution
		Debug|Any CPU = Debug|Any CPU
		Release|Any CPU = Release|Any CPU
	EndGlobalSection
	GlobalSection(ProjectConfigurationPlatforms) = postSolution
		{A157EA46-6554-4006-9C31-C684AE1947E7}.Debug|Any CPU.ActiveCfg = Debug|Any CPU
		{A157EA46-6554-4006-9C31-C684AE1947E7}.Debug|Any CPU.Build.0 = Debug|Any CPU
		{A157EA46-6554-4006-9C31-C684AE1947E7}.Release|Any CPU.ActiveCfg = Release|Any CPU
		{A157EA46-6554-4006-9C31-C684AE1947E7}.Release|Any CPU.Build.0 = Release|Any CPU
		{61DBA521-B655-4767-98FD-222CCA1CE092}.Debug|Any CPU.ActiveCfg = Debug|Any CPU
		{61DBA521-B655-4767-98FD-222CCA1CE092}.Debug|Any CPU.Build.0 = Debug|Any CPU
		{61DBA521-B655-4767-98FD-222CCA1CE092}.Release|Any CPU.ActiveCfg = Release|Any CPU
		{61DBA521-B655-4767-98FD-222CCA1CE092}.Release|Any CPU.Build.0 = Release|Any CPU
	EndGlobalSection
	GlobalSection(SolutionProperties) = preSolution
		HideSolutionNode = FALSE
	EndGlobalSection
	GlobalSection(ExtensibilityGlobals) = postSolution
		SolutionGuid = {6368BD79-D217-4245-8843-098B28DEED9B}
	EndGlobalSection
EndGlobal
